
Microsoft Visual Studio Solution File, Format Version 12.00
# Visual Studio 15
VisualStudioVersion = 15.0.27924.0
MinimumVisualStudioVersion = 10.0.40219.1
Project("{FAE04EC0-301F-11D3-BF4B-00C04F79EFBC}") = "Sales.Android", "Sales\Sales.Android\Sales.Android.csproj", "{0474F7A2-D042-49F7-95F4-6C90885335F0}"
EndProject
Project("{FAE04EC0-301F-11D3-BF4B-00C04F79EFBC}") = "Sales.iOS", "Sales\Sales.iOS\Sales.iOS.csproj", "{12D973BC-66EF-41D7-AAD5-6432E20478AA}"
EndProject
Project("{FAE04EC0-301F-11D3-BF4B-00C04F79EFBC}") = "Sales.UWP", "Sales\Sales.UWP\Sales.UWP.csproj", "{08837820-C12B-4687-A855-B8B21F65E91B}"
EndProject
Project("{FAE04EC0-301F-11D3-BF4B-00C04F79EFBC}") = "Sales", "Sales\Sales\Sales.csproj", "{09626115-1EF7-403F-8646-80BC084933FC}"
EndProject
Project("{FAE04EC0-301F-11D3-BF4B-00C04F79EFBC}") = "Sales.Backend", "Sales.Backend\Sales.Backend.csproj", "{A07AEEA9-0CB2-427D-89B3-19C0D4041A31}"
EndProject
Project("{FAE04EC0-301F-11D3-BF4B-00C04F79EFBC}") = "Sales.API", "Sales.API\Sales.API.csproj", "{153EDF0C-7FB9-4A0E-B10F-EF9A10006C27}"
EndProject
Project("{FAE04EC0-301F-11D3-BF4B-00C04F79EFBC}") = "Sales.Domain", "Sales.Domain\Sales.Domain.csproj", "{92B5C090-DE8A-4062-A358-E57A742D1777}"
EndProject
Project("{FAE04EC0-301F-11D3-BF4B-00C04F79EFBC}") = "Sales.Common", "Sales.Common\Sales.Common.csproj", "{E3AC9535-D313-483D-8E2D-93B47F32A0A9}"
EndProject
Global
	GlobalSection(SolutionConfigurationPlatforms) = preSolution
		Ad-Hoc|Any CPU = Ad-Hoc|Any CPU
		Ad-Hoc|ARM = Ad-Hoc|ARM
		Ad-Hoc|iPhone = Ad-Hoc|iPhone
		Ad-Hoc|iPhoneSimulator = Ad-Hoc|iPhoneSimulator
		Ad-Hoc|x64 = Ad-Hoc|x64
		Ad-Hoc|x86 = Ad-Hoc|x86
		AppStore|Any CPU = AppStore|Any CPU
		AppStore|ARM = AppStore|ARM
		AppStore|iPhone = AppStore|iPhone
		AppStore|iPhoneSimulator = AppStore|iPhoneSimulator
		AppStore|x64 = AppStore|x64
		AppStore|x86 = AppStore|x86
		Debug|Any CPU = Debug|Any CPU
		Debug|ARM = Debug|ARM
		Debug|iPhone = Debug|iPhone
		Debug|iPhoneSimulator = Debug|iPhoneSimulator
		Debug|x64 = Debug|x64
		Debug|x86 = Debug|x86
		Release|Any CPU = Release|Any CPU
		Release|ARM = Release|ARM
		Release|iPhone = Release|iPhone
		Release|iPhoneSimulator = Release|iPhoneSimulator
		Release|x64 = Release|x64
		Release|x86 = Release|x86
	EndGlobalSection
	GlobalSection(ProjectConfigurationPlatforms) = postSolution
		{0474F7A2-D042-49F7-95F4-6C90885335F0}.Ad-Hoc|Any CPU.ActiveCfg = Release|Any CPU
		{0474F7A2-D042-49F7-95F4-6C90885335F0}.Ad-Hoc|Any CPU.Build.0 = Release|Any CPU
		{0474F7A2-D042-49F7-95F4-6C90885335F0}.Ad-Hoc|Any CPU.Deploy.0 = Release|Any CPU
		{0474F7A2-D042-49F7-95F4-6C90885335F0}.Ad-Hoc|ARM.ActiveCfg = Release|Any CPU
		{0474F7A2-D042-49F7-95F4-6C90885335F0}.Ad-Hoc|ARM.Build.0 = Release|Any CPU
		{0474F7A2-D042-49F7-95F4-6C90885335F0}.Ad-Hoc|ARM.Deploy.0 = Release|Any CPU
		{0474F7A2-D042-49F7-95F4-6C90885335F0}.Ad-Hoc|iPhone.ActiveCfg = Release|Any CPU
		{0474F7A2-D042-49F7-95F4-6C90885335F0}.Ad-Hoc|iPhone.Build.0 = Release|Any CPU
		{0474F7A2-D042-49F7-95F4-6C90885335F0}.Ad-Hoc|iPhone.Deploy.0 = Release|Any CPU
		{0474F7A2-D042-49F7-95F4-6C90885335F0}.Ad-Hoc|iPhoneSimulator.ActiveCfg = Release|Any CPU
		{0474F7A2-D042-49F7-95F4-6C90885335F0}.Ad-Hoc|iPhoneSimulator.Build.0 = Release|Any CPU
		{0474F7A2-D042-49F7-95F4-6C90885335F0}.Ad-Hoc|iPhoneSimulator.Deploy.0 = Release|Any CPU
		{0474F7A2-D042-49F7-95F4-6C90885335F0}.Ad-Hoc|x64.ActiveCfg = Release|Any CPU
		{0474F7A2-D042-49F7-95F4-6C90885335F0}.Ad-Hoc|x64.Build.0 = Release|Any CPU
		{0474F7A2-D042-49F7-95F4-6C90885335F0}.Ad-Hoc|x64.Deploy.0 = Release|Any CPU
		{0474F7A2-D042-49F7-95F4-6C90885335F0}.Ad-Hoc|x86.ActiveCfg = Release|Any CPU
		{0474F7A2-D042-49F7-95F4-6C90885335F0}.Ad-Hoc|x86.Build.0 = Release|Any CPU
		{0474F7A2-D042-49F7-95F4-6C90885335F0}.Ad-Hoc|x86.Deploy.0 = Release|Any CPU
		{0474F7A2-D042-49F7-95F4-6C90885335F0}.AppStore|Any CPU.ActiveCfg = Release|Any CPU
		{0474F7A2-D042-49F7-95F4-6C90885335F0}.AppStore|Any CPU.Build.0 = Release|Any CPU
		{0474F7A2-D042-49F7-95F4-6C90885335F0}.AppStore|Any CPU.Deploy.0 = Release|Any CPU
		{0474F7A2-D042-49F7-95F4-6C90885335F0}.AppStore|ARM.ActiveCfg = Release|Any CPU
		{0474F7A2-D042-49F7-95F4-6C90885335F0}.AppStore|ARM.Build.0 = Release|Any CPU
		{0474F7A2-D042-49F7-95F4-6C90885335F0}.AppStore|ARM.Deploy.0 = Release|Any CPU
		{0474F7A2-D042-49F7-95F4-6C90885335F0}.AppStore|iPhone.ActiveCfg = Release|Any CPU
		{0474F7A2-D042-49F7-95F4-6C90885335F0}.AppStore|iPhone.Build.0 = Release|Any CPU
		{0474F7A2-D042-49F7-95F4-6C90885335F0}.AppStore|iPhone.Deploy.0 = Release|Any CPU
		{0474F7A2-D042-49F7-95F4-6C90885335F0}.AppStore|iPhoneSimulator.ActiveCfg = Release|Any CPU
		{0474F7A2-D042-49F7-95F4-6C90885335F0}.AppStore|iPhoneSimulator.Build.0 = Release|Any CPU
		{0474F7A2-D042-49F7-95F4-6C90885335F0}.AppStore|iPhoneSimulator.Deploy.0 = Release|Any CPU
		{0474F7A2-D042-49F7-95F4-6C90885335F0}.AppStore|x64.ActiveCfg = Release|Any CPU
		{0474F7A2-D042-49F7-95F4-6C90885335F0}.AppStore|x64.Build.0 = Release|Any CPU
		{0474F7A2-D042-49F7-95F4-6C90885335F0}.AppStore|x64.Deploy.0 = Release|Any CPU
		{0474F7A2-D042-49F7-95F4-6C90885335F0}.AppStore|x86.ActiveCfg = Release|Any CPU
		{0474F7A2-D042-49F7-95F4-6C90885335F0}.AppStore|x86.Build.0 = Release|Any CPU
		{0474F7A2-D042-49F7-95F4-6C90885335F0}.AppStore|x86.Deploy.0 = Release|Any CPU
		{0474F7A2-D042-49F7-95F4-6C90885335F0}.Debug|Any CPU.ActiveCfg = Debug|Any CPU
		{0474F7A2-D042-49F7-95F4-6C90885335F0}.Debug|Any CPU.Build.0 = Debug|Any CPU
		{0474F7A2-D042-49F7-95F4-6C90885335F0}.Debug|Any CPU.Deploy.0 = Debug|Any CPU
		{0474F7A2-D042-49F7-95F4-6C90885335F0}.Debug|ARM.ActiveCfg = Debug|Any CPU
		{0474F7A2-D042-49F7-95F4-6C90885335F0}.Debug|ARM.Build.0 = Debug|Any CPU
		{0474F7A2-D042-49F7-95F4-6C90885335F0}.Debug|ARM.Deploy.0 = Debug|Any CPU
		{0474F7A2-D042-49F7-95F4-6C90885335F0}.Debug|iPhone.ActiveCfg = Debug|Any CPU
		{0474F7A2-D042-49F7-95F4-6C90885335F0}.Debug|iPhone.Build.0 = Debug|Any CPU
		{0474F7A2-D042-49F7-95F4-6C90885335F0}.Debug|iPhone.Deploy.0 = Debug|Any CPU
		{0474F7A2-D042-49F7-95F4-6C90885335F0}.Debug|iPhoneSimulator.ActiveCfg = Debug|Any CPU
		{0474F7A2-D042-49F7-95F4-6C90885335F0}.Debug|iPhoneSimulator.Build.0 = Debug|Any CPU
		{0474F7A2-D042-49F7-95F4-6C90885335F0}.Debug|iPhoneSimulator.Deploy.0 = Debug|Any CPU
		{0474F7A2-D042-49F7-95F4-6C90885335F0}.Debug|x64.ActiveCfg = Debug|Any CPU
		{0474F7A2-D042-49F7-95F4-6C90885335F0}.Debug|x64.Build.0 = Debug|Any CPU
		{0474F7A2-D042-49F7-95F4-6C90885335F0}.Debug|x64.Deploy.0 = Debug|Any CPU
		{0474F7A2-D042-49F7-95F4-6C90885335F0}.Debug|x86.ActiveCfg = Debug|Any CPU
		{0474F7A2-D042-49F7-95F4-6C90885335F0}.Debug|x86.Build.0 = Debug|Any CPU
		{0474F7A2-D042-49F7-95F4-6C90885335F0}.Debug|x86.Deploy.0 = Debug|Any CPU
		{0474F7A2-D042-49F7-95F4-6C90885335F0}.Release|Any CPU.ActiveCfg = Release|Any CPU
		{0474F7A2-D042-49F7-95F4-6C90885335F0}.Release|Any CPU.Build.0 = Release|Any CPU
		{0474F7A2-D042-49F7-95F4-6C90885335F0}.Release|Any CPU.Deploy.0 = Release|Any CPU
		{0474F7A2-D042-49F7-95F4-6C90885335F0}.Release|ARM.ActiveCfg = Release|Any CPU
		{0474F7A2-D042-49F7-95F4-6C90885335F0}.Release|ARM.Build.0 = Release|Any CPU
		{0474F7A2-D042-49F7-95F4-6C90885335F0}.Release|ARM.Deploy.0 = Release|Any CPU
		{0474F7A2-D042-49F7-95F4-6C90885335F0}.Release|iPhone.ActiveCfg = Release|Any CPU
		{0474F7A2-D042-49F7-95F4-6C90885335F0}.Release|iPhone.Build.0 = Release|Any CPU
		{0474F7A2-D042-49F7-95F4-6C90885335F0}.Release|iPhone.Deploy.0 = Release|Any CPU
		{0474F7A2-D042-49F7-95F4-6C90885335F0}.Release|iPhoneSimulator.ActiveCfg = Release|Any CPU
		{0474F7A2-D042-49F7-95F4-6C90885335F0}.Release|iPhoneSimulator.Build.0 = Release|Any CPU
		{0474F7A2-D042-49F7-95F4-6C90885335F0}.Release|iPhoneSimulator.Deploy.0 = Release|Any CPU
		{0474F7A2-D042-49F7-95F4-6C90885335F0}.Release|x64.ActiveCfg = Release|Any CPU
		{0474F7A2-D042-49F7-95F4-6C90885335F0}.Release|x64.Build.0 = Release|Any CPU
		{0474F7A2-D042-49F7-95F4-6C90885335F0}.Release|x64.Deploy.0 = Release|Any CPU
		{0474F7A2-D042-49F7-95F4-6C90885335F0}.Release|x86.ActiveCfg = Release|Any CPU
		{0474F7A2-D042-49F7-95F4-6C90885335F0}.Release|x86.Build.0 = Release|Any CPU
		{0474F7A2-D042-49F7-95F4-6C90885335F0}.Release|x86.Deploy.0 = Release|Any CPU
		{12D973BC-66EF-41D7-AAD5-6432E20478AA}.Ad-Hoc|Any CPU.ActiveCfg = Ad-Hoc|iPhone
		{12D973BC-66EF-41D7-AAD5-6432E20478AA}.Ad-Hoc|Any CPU.Build.0 = Ad-Hoc|iPhone
		{12D973BC-66EF-41D7-AAD5-6432E20478AA}.Ad-Hoc|Any CPU.Deploy.0 = Ad-Hoc|iPhone
		{12D973BC-66EF-41D7-AAD5-6432E20478AA}.Ad-Hoc|ARM.ActiveCfg = Ad-Hoc|iPhone
		{12D973BC-66EF-41D7-AAD5-6432E20478AA}.Ad-Hoc|ARM.Build.0 = Ad-Hoc|iPhone
		{12D973BC-66EF-41D7-AAD5-6432E20478AA}.Ad-Hoc|ARM.Deploy.0 = Ad-Hoc|iPhone
		{12D973BC-66EF-41D7-AAD5-6432E20478AA}.Ad-Hoc|iPhone.ActiveCfg = Ad-Hoc|iPhone
		{12D973BC-66EF-41D7-AAD5-6432E20478AA}.Ad-Hoc|iPhone.Build.0 = Ad-Hoc|iPhone
		{12D973BC-66EF-41D7-AAD5-6432E20478AA}.Ad-Hoc|iPhone.Deploy.0 = Ad-Hoc|iPhone
		{12D973BC-66EF-41D7-AAD5-6432E20478AA}.Ad-Hoc|iPhoneSimulator.ActiveCfg = Ad-Hoc|iPhoneSimulator
		{12D973BC-66EF-41D7-AAD5-6432E20478AA}.Ad-Hoc|iPhoneSimulator.Build.0 = Ad-Hoc|iPhoneSimulator
		{12D973BC-66EF-41D7-AAD5-6432E20478AA}.Ad-Hoc|iPhoneSimulator.Deploy.0 = Ad-Hoc|iPhoneSimulator
		{12D973BC-66EF-41D7-AAD5-6432E20478AA}.Ad-Hoc|x64.ActiveCfg = Ad-Hoc|iPhone
		{12D973BC-66EF-41D7-AAD5-6432E20478AA}.Ad-Hoc|x64.Build.0 = Ad-Hoc|iPhone
		{12D973BC-66EF-41D7-AAD5-6432E20478AA}.Ad-Hoc|x64.Deploy.0 = Ad-Hoc|iPhone
		{12D973BC-66EF-41D7-AAD5-6432E20478AA}.Ad-Hoc|x86.ActiveCfg = Ad-Hoc|iPhone
		{12D973BC-66EF-41D7-AAD5-6432E20478AA}.Ad-Hoc|x86.Build.0 = Ad-Hoc|iPhone
		{12D973BC-66EF-41D7-AAD5-6432E20478AA}.Ad-Hoc|x86.Deploy.0 = Ad-Hoc|iPhone
		{12D973BC-66EF-41D7-AAD5-6432E20478AA}.AppStore|Any CPU.ActiveCfg = AppStore|iPhone
		{12D973BC-66EF-41D7-AAD5-6432E20478AA}.AppStore|Any CPU.Build.0 = AppStore|iPhone
		{12D973BC-66EF-41D7-AAD5-6432E20478AA}.AppStore|Any CPU.Deploy.0 = AppStore|iPhone
		{12D973BC-66EF-41D7-AAD5-6432E20478AA}.AppStore|ARM.ActiveCfg = AppStore|iPhone
		{12D973BC-66EF-41D7-AAD5-6432E20478AA}.AppStore|ARM.Build.0 = AppStore|iPhone
		{12D973BC-66EF-41D7-AAD5-6432E20478AA}.AppStore|ARM.Deploy.0 = AppStore|iPhone
		{12D973BC-66EF-41D7-AAD5-6432E20478AA}.AppStore|iPhone.ActiveCfg = AppStore|iPhone
		{12D973BC-66EF-41D7-AAD5-6432E20478AA}.AppStore|iPhone.Build.0 = AppStore|iPhone
		{12D973BC-66EF-41D7-AAD5-6432E20478AA}.AppStore|iPhone.Deploy.0 = AppStore|iPhone
		{12D973BC-66EF-41D7-AAD5-6432E20478AA}.AppStore|iPhoneSimulator.ActiveCfg = AppStore|iPhoneSimulator
		{12D973BC-66EF-41D7-AAD5-6432E20478AA}.AppStore|iPhoneSimulator.Build.0 = AppStore|iPhoneSimulator
		{12D973BC-66EF-41D7-AAD5-6432E20478AA}.AppStore|iPhoneSimulator.Deploy.0 = AppStore|iPhoneSimulator
		{12D973BC-66EF-41D7-AAD5-6432E20478AA}.AppStore|x64.ActiveCfg = AppStore|iPhone
		{12D973BC-66EF-41D7-AAD5-6432E20478AA}.AppStore|x64.Build.0 = AppStore|iPhone
		{12D973BC-66EF-41D7-AAD5-6432E20478AA}.AppStore|x64.Deploy.0 = AppStore|iPhone
		{12D973BC-66EF-41D7-AAD5-6432E20478AA}.AppStore|x86.ActiveCfg = AppStore|iPhone
		{12D973BC-66EF-41D7-AAD5-6432E20478AA}.AppStore|x86.Build.0 = AppStore|iPhone
		{12D973BC-66EF-41D7-AAD5-6432E20478AA}.AppStore|x86.Deploy.0 = AppStore|iPhone
		{12D973BC-66EF-41D7-AAD5-6432E20478AA}.Debug|Any CPU.ActiveCfg = Debug|iPhoneSimulator
		{12D973BC-66EF-41D7-AAD5-6432E20478AA}.Debug|Any CPU.Build.0 = Debug|iPhoneSimulator
		{12D973BC-66EF-41D7-AAD5-6432E20478AA}.Debug|Any CPU.Deploy.0 = Debug|iPhoneSimulator
		{12D973BC-66EF-41D7-AAD5-6432E20478AA}.Debug|ARM.ActiveCfg = Debug|iPhone
		{12D973BC-66EF-41D7-AAD5-6432E20478AA}.Debug|ARM.Build.0 = Debug|iPhone
		{12D973BC-66EF-41D7-AAD5-6432E20478AA}.Debug|ARM.Deploy.0 = Debug|iPhone
		{12D973BC-66EF-41D7-AAD5-6432E20478AA}.Debug|iPhone.ActiveCfg = Debug|iPhone
		{12D973BC-66EF-41D7-AAD5-6432E20478AA}.Debug|iPhone.Build.0 = Debug|iPhone
		{12D973BC-66EF-41D7-AAD5-6432E20478AA}.Debug|iPhone.Deploy.0 = Debug|iPhone
		{12D973BC-66EF-41D7-AAD5-6432E20478AA}.Debug|iPhoneSimulator.ActiveCfg = Debug|iPhoneSimulator
		{12D973BC-66EF-41D7-AAD5-6432E20478AA}.Debug|iPhoneSimulator.Build.0 = Debug|iPhoneSimulator
		{12D973BC-66EF-41D7-AAD5-6432E20478AA}.Debug|iPhoneSimulator.Deploy.0 = Debug|iPhoneSimulator
		{12D973BC-66EF-41D7-AAD5-6432E20478AA}.Debug|x64.ActiveCfg = Debug|iPhone
		{12D973BC-66EF-41D7-AAD5-6432E20478AA}.Debug|x64.Build.0 = Debug|iPhone
		{12D973BC-66EF-41D7-AAD5-6432E20478AA}.Debug|x64.Deploy.0 = Debug|iPhone
		{12D973BC-66EF-41D7-AAD5-6432E20478AA}.Debug|x86.ActiveCfg = Debug|iPhone
		{12D973BC-66EF-41D7-AAD5-6432E20478AA}.Debug|x86.Build.0 = Debug|iPhone
		{12D973BC-66EF-41D7-AAD5-6432E20478AA}.Debug|x86.Deploy.0 = Debug|iPhone
		{12D973BC-66EF-41D7-AAD5-6432E20478AA}.Release|Any CPU.ActiveCfg = Release|iPhone
		{12D973BC-66EF-41D7-AAD5-6432E20478AA}.Release|Any CPU.Build.0 = Release|iPhone
		{12D973BC-66EF-41D7-AAD5-6432E20478AA}.Release|Any CPU.Deploy.0 = Release|iPhone
		{12D973BC-66EF-41D7-AAD5-6432E20478AA}.Release|ARM.ActiveCfg = Release|iPhone
		{12D973BC-66EF-41D7-AAD5-6432E20478AA}.Release|ARM.Build.0 = Release|iPhone
		{12D973BC-66EF-41D7-AAD5-6432E20478AA}.Release|ARM.Deploy.0 = Release|iPhone
		{12D973BC-66EF-41D7-AAD5-6432E20478AA}.Release|iPhone.ActiveCfg = Release|iPhone
		{12D973BC-66EF-41D7-AAD5-6432E20478AA}.Release|iPhone.Build.0 = Release|iPhone
		{12D973BC-66EF-41D7-AAD5-6432E20478AA}.Release|iPhone.Deploy.0 = Release|iPhone
		{12D973BC-66EF-41D7-AAD5-6432E20478AA}.Release|iPhoneSimulator.ActiveCfg = Release|iPhoneSimulator
		{12D973BC-66EF-41D7-AAD5-6432E20478AA}.Release|iPhoneSimulator.Build.0 = Release|iPhoneSimulator
		{12D973BC-66EF-41D7-AAD5-6432E20478AA}.Release|iPhoneSimulator.Deploy.0 = Release|iPhoneSimulator
		{12D973BC-66EF-41D7-AAD5-6432E20478AA}.Release|x64.ActiveCfg = Release|iPhone
		{12D973BC-66EF-41D7-AAD5-6432E20478AA}.Release|x64.Build.0 = Release|iPhone
		{12D973BC-66EF-41D7-AAD5-6432E20478AA}.Release|x64.Deploy.0 = Release|iPhone
		{12D973BC-66EF-41D7-AAD5-6432E20478AA}.Release|x86.ActiveCfg = Release|iPhone
		{12D973BC-66EF-41D7-AAD5-6432E20478AA}.Release|x86.Build.0 = Release|iPhone
		{12D973BC-66EF-41D7-AAD5-6432E20478AA}.Release|x86.Deploy.0 = Release|iPhone
		{08837820-C12B-4687-A855-B8B21F65E91B}.Ad-Hoc|Any CPU.ActiveCfg = Release|x86
		{08837820-C12B-4687-A855-B8B21F65E91B}.Ad-Hoc|Any CPU.Build.0 = Release|x86
		{08837820-C12B-4687-A855-B8B21F65E91B}.Ad-Hoc|Any CPU.Deploy.0 = Release|x86
		{08837820-C12B-4687-A855-B8B21F65E91B}.Ad-Hoc|ARM.ActiveCfg = Release|ARM
		{08837820-C12B-4687-A855-B8B21F65E91B}.Ad-Hoc|ARM.Build.0 = Release|ARM
		{08837820-C12B-4687-A855-B8B21F65E91B}.Ad-Hoc|ARM.Deploy.0 = Release|ARM
		{08837820-C12B-4687-A855-B8B21F65E91B}.Ad-Hoc|iPhone.ActiveCfg = Release|x86
		{08837820-C12B-4687-A855-B8B21F65E91B}.Ad-Hoc|iPhone.Build.0 = Release|x86
		{08837820-C12B-4687-A855-B8B21F65E91B}.Ad-Hoc|iPhone.Deploy.0 = Release|x86
		{08837820-C12B-4687-A855-B8B21F65E91B}.Ad-Hoc|iPhoneSimulator.ActiveCfg = Release|x86
		{08837820-C12B-4687-A855-B8B21F65E91B}.Ad-Hoc|iPhoneSimulator.Build.0 = Release|x86
		{08837820-C12B-4687-A855-B8B21F65E91B}.Ad-Hoc|iPhoneSimulator.Deploy.0 = Release|x86
		{08837820-C12B-4687-A855-B8B21F65E91B}.Ad-Hoc|x64.ActiveCfg = Release|x64
		{08837820-C12B-4687-A855-B8B21F65E91B}.Ad-Hoc|x64.Build.0 = Release|x64
		{08837820-C12B-4687-A855-B8B21F65E91B}.Ad-Hoc|x64.Deploy.0 = Release|x64
		{08837820-C12B-4687-A855-B8B21F65E91B}.Ad-Hoc|x86.ActiveCfg = Release|x86
		{08837820-C12B-4687-A855-B8B21F65E91B}.Ad-Hoc|x86.Build.0 = Release|x86
		{08837820-C12B-4687-A855-B8B21F65E91B}.Ad-Hoc|x86.Deploy.0 = Release|x86
		{08837820-C12B-4687-A855-B8B21F65E91B}.AppStore|Any CPU.ActiveCfg = Release|x86
		{08837820-C12B-4687-A855-B8B21F65E91B}.AppStore|Any CPU.Build.0 = Release|x86
		{08837820-C12B-4687-A855-B8B21F65E91B}.AppStore|Any CPU.Deploy.0 = Release|x86
		{08837820-C12B-4687-A855-B8B21F65E91B}.AppStore|ARM.ActiveCfg = Release|ARM
		{08837820-C12B-4687-A855-B8B21F65E91B}.AppStore|ARM.Build.0 = Release|ARM
		{08837820-C12B-4687-A855-B8B21F65E91B}.AppStore|ARM.Deploy.0 = Release|ARM
		{08837820-C12B-4687-A855-B8B21F65E91B}.AppStore|iPhone.ActiveCfg = Release|x86
		{08837820-C12B-4687-A855-B8B21F65E91B}.AppStore|iPhone.Build.0 = Release|x86
		{08837820-C12B-4687-A855-B8B21F65E91B}.AppStore|iPhone.Deploy.0 = Release|x86
		{08837820-C12B-4687-A855-B8B21F65E91B}.AppStore|iPhoneSimulator.ActiveCfg = Release|x86
		{08837820-C12B-4687-A855-B8B21F65E91B}.AppStore|iPhoneSimulator.Build.0 = Release|x86
		{08837820-C12B-4687-A855-B8B21F65E91B}.AppStore|iPhoneSimulator.Deploy.0 = Release|x86
		{08837820-C12B-4687-A855-B8B21F65E91B}.AppStore|x64.ActiveCfg = Release|x64
		{08837820-C12B-4687-A855-B8B21F65E91B}.AppStore|x64.Build.0 = Release|x64
		{08837820-C12B-4687-A855-B8B21F65E91B}.AppStore|x64.Deploy.0 = Release|x64
		{08837820-C12B-4687-A855-B8B21F65E91B}.AppStore|x86.ActiveCfg = Release|x86
		{08837820-C12B-4687-A855-B8B21F65E91B}.AppStore|x86.Build.0 = Release|x86
		{08837820-C12B-4687-A855-B8B21F65E91B}.AppStore|x86.Deploy.0 = Release|x86
		{08837820-C12B-4687-A855-B8B21F65E91B}.Debug|Any CPU.ActiveCfg = Debug|x86
		{08837820-C12B-4687-A855-B8B21F65E91B}.Debug|Any CPU.Build.0 = Debug|x86
		{08837820-C12B-4687-A855-B8B21F65E91B}.Debug|Any CPU.Deploy.0 = Debug|x86
		{08837820-C12B-4687-A855-B8B21F65E91B}.Debug|ARM.ActiveCfg = Debug|ARM
		{08837820-C12B-4687-A855-B8B21F65E91B}.Debug|ARM.Build.0 = Debug|ARM
		{08837820-C12B-4687-A855-B8B21F65E91B}.Debug|ARM.Deploy.0 = Debug|ARM
		{08837820-C12B-4687-A855-B8B21F65E91B}.Debug|iPhone.ActiveCfg = Debug|x86
		{08837820-C12B-4687-A855-B8B21F65E91B}.Debug|iPhone.Build.0 = Debug|x86
		{08837820-C12B-4687-A855-B8B21F65E91B}.Debug|iPhone.Deploy.0 = Debug|x86
		{08837820-C12B-4687-A855-B8B21F65E91B}.Debug|iPhoneSimulator.ActiveCfg = Debug|x86
		{08837820-C12B-4687-A855-B8B21F65E91B}.Debug|iPhoneSimulator.Build.0 = Debug|x86
		{08837820-C12B-4687-A855-B8B21F65E91B}.Debug|iPhoneSimulator.Deploy.0 = Debug|x86
		{08837820-C12B-4687-A855-B8B21F65E91B}.Debug|x64.ActiveCfg = Debug|x64
		{08837820-C12B-4687-A855-B8B21F65E91B}.Debug|x64.Build.0 = Debug|x64
		{08837820-C12B-4687-A855-B8B21F65E91B}.Debug|x64.Deploy.0 = Debug|x64
		{08837820-C12B-4687-A855-B8B21F65E91B}.Debug|x86.ActiveCfg = Debug|x86
		{08837820-C12B-4687-A855-B8B21F65E91B}.Debug|x86.Build.0 = Debug|x86
		{08837820-C12B-4687-A855-B8B21F65E91B}.Debug|x86.Deploy.0 = Debug|x86
		{08837820-C12B-4687-A855-B8B21F65E91B}.Release|Any CPU.ActiveCfg = Release|x86
		{08837820-C12B-4687-A855-B8B21F65E91B}.Release|Any CPU.Build.0 = Release|x86
		{08837820-C12B-4687-A855-B8B21F65E91B}.Release|Any CPU.Deploy.0 = Release|x86
		{08837820-C12B-4687-A855-B8B21F65E91B}.Release|ARM.ActiveCfg = Release|ARM
		{08837820-C12B-4687-A855-B8B21F65E91B}.Release|ARM.Build.0 = Release|ARM
		{08837820-C12B-4687-A855-B8B21F65E91B}.Release|ARM.Deploy.0 = Release|ARM
		{08837820-C12B-4687-A855-B8B21F65E91B}.Release|iPhone.ActiveCfg = Release|x86
		{08837820-C12B-4687-A855-B8B21F65E91B}.Release|iPhone.Build.0 = Release|x86
		{08837820-C12B-4687-A855-B8B21F65E91B}.Release|iPhone.Deploy.0 = Release|x86
		{08837820-C12B-4687-A855-B8B21F65E91B}.Release|iPhoneSimulator.ActiveCfg = Release|x86
		{08837820-C12B-4687-A855-B8B21F65E91B}.Release|iPhoneSimulator.Build.0 = Release|x86
		{08837820-C12B-4687-A855-B8B21F65E91B}.Release|iPhoneSimulator.Deploy.0 = Release|x86
		{08837820-C12B-4687-A855-B8B21F65E91B}.Release|x64.ActiveCfg = Release|x64
		{08837820-C12B-4687-A855-B8B21F65E91B}.Release|x64.Build.0 = Release|x64
		{08837820-C12B-4687-A855-B8B21F65E91B}.Release|x64.Deploy.0 = Release|x64
		{08837820-C12B-4687-A855-B8B21F65E91B}.Release|x86.ActiveCfg = Release|x86
		{08837820-C12B-4687-A855-B8B21F65E91B}.Release|x86.Build.0 = Release|x86
		{08837820-C12B-4687-A855-B8B21F65E91B}.Release|x86.Deploy.0 = Release|x86
		{09626115-1EF7-403F-8646-80BC084933FC}.Ad-Hoc|Any CPU.ActiveCfg = Debug|Any CPU
		{09626115-1EF7-403F-8646-80BC084933FC}.Ad-Hoc|Any CPU.Build.0 = Debug|Any CPU
		{09626115-1EF7-403F-8646-80BC084933FC}.Ad-Hoc|Any CPU.Deploy.0 = Debug|Any CPU
		{09626115-1EF7-403F-8646-80BC084933FC}.Ad-Hoc|ARM.ActiveCfg = Debug|Any CPU
		{09626115-1EF7-403F-8646-80BC084933FC}.Ad-Hoc|ARM.Build.0 = Debug|Any CPU
		{09626115-1EF7-403F-8646-80BC084933FC}.Ad-Hoc|ARM.Deploy.0 = Debug|Any CPU
		{09626115-1EF7-403F-8646-80BC084933FC}.Ad-Hoc|iPhone.ActiveCfg = Debug|Any CPU
		{09626115-1EF7-403F-8646-80BC084933FC}.Ad-Hoc|iPhone.Build.0 = Debug|Any CPU
		{09626115-1EF7-403F-8646-80BC084933FC}.Ad-Hoc|iPhone.Deploy.0 = Debug|Any CPU
		{09626115-1EF7-403F-8646-80BC084933FC}.Ad-Hoc|iPhoneSimulator.ActiveCfg = Debug|Any CPU
		{09626115-1EF7-403F-8646-80BC084933FC}.Ad-Hoc|iPhoneSimulator.Build.0 = Debug|Any CPU
		{09626115-1EF7-403F-8646-80BC084933FC}.Ad-Hoc|iPhoneSimulator.Deploy.0 = Debug|Any CPU
		{09626115-1EF7-403F-8646-80BC084933FC}.Ad-Hoc|x64.ActiveCfg = Debug|Any CPU
		{09626115-1EF7-403F-8646-80BC084933FC}.Ad-Hoc|x64.Build.0 = Debug|Any CPU
		{09626115-1EF7-403F-8646-80BC084933FC}.Ad-Hoc|x64.Deploy.0 = Debug|Any CPU
		{09626115-1EF7-403F-8646-80BC084933FC}.Ad-Hoc|x86.ActiveCfg = Debug|Any CPU
		{09626115-1EF7-403F-8646-80BC084933FC}.Ad-Hoc|x86.Build.0 = Debug|Any CPU
		{09626115-1EF7-403F-8646-80BC084933FC}.Ad-Hoc|x86.Deploy.0 = Debug|Any CPU
		{09626115-1EF7-403F-8646-80BC084933FC}.AppStore|Any CPU.ActiveCfg = Debug|Any CPU
		{09626115-1EF7-403F-8646-80BC084933FC}.AppStore|Any CPU.Build.0 = Debug|Any CPU
		{09626115-1EF7-403F-8646-80BC084933FC}.AppStore|Any CPU.Deploy.0 = Debug|Any CPU
		{09626115-1EF7-403F-8646-80BC084933FC}.AppStore|ARM.ActiveCfg = Debug|Any CPU
		{09626115-1EF7-403F-8646-80BC084933FC}.AppStore|ARM.Build.0 = Debug|Any CPU
		{09626115-1EF7-403F-8646-80BC084933FC}.AppStore|ARM.Deploy.0 = Debug|Any CPU
		{09626115-1EF7-403F-8646-80BC084933FC}.AppStore|iPhone.ActiveCfg = Debug|Any CPU
		{09626115-1EF7-403F-8646-80BC084933FC}.AppStore|iPhone.Build.0 = Debug|Any CPU
		{09626115-1EF7-403F-8646-80BC084933FC}.AppStore|iPhone.Deploy.0 = Debug|Any CPU
		{09626115-1EF7-403F-8646-80BC084933FC}.AppStore|iPhoneSimulator.ActiveCfg = Debug|Any CPU
		{09626115-1EF7-403F-8646-80BC084933FC}.AppStore|iPhoneSimulator.Build.0 = Debug|Any CPU
		{09626115-1EF7-403F-8646-80BC084933FC}.AppStore|iPhoneSimulator.Deploy.0 = Debug|Any CPU
		{09626115-1EF7-403F-8646-80BC084933FC}.AppStore|x64.ActiveCfg = Debug|Any CPU
		{09626115-1EF7-403F-8646-80BC084933FC}.AppStore|x64.Build.0 = Debug|Any CPU
		{09626115-1EF7-403F-8646-80BC084933FC}.AppStore|x64.Deploy.0 = Debug|Any CPU
		{09626115-1EF7-403F-8646-80BC084933FC}.AppStore|x86.ActiveCfg = Debug|Any CPU
		{09626115-1EF7-403F-8646-80BC084933FC}.AppStore|x86.Build.0 = Debug|Any CPU
		{09626115-1EF7-403F-8646-80BC084933FC}.AppStore|x86.Deploy.0 = Debug|Any CPU
		{09626115-1EF7-403F-8646-80BC084933FC}.Debug|Any CPU.ActiveCfg = Debug|Any CPU
		{09626115-1EF7-403F-8646-80BC084933FC}.Debug|Any CPU.Build.0 = Debug|Any CPU
		{09626115-1EF7-403F-8646-80BC084933FC}.Debug|Any CPU.Deploy.0 = Debug|Any CPU
		{09626115-1EF7-403F-8646-80BC084933FC}.Debug|ARM.ActiveCfg = Debug|Any CPU
		{09626115-1EF7-403F-8646-80BC084933FC}.Debug|ARM.Build.0 = Debug|Any CPU
		{09626115-1EF7-403F-8646-80BC084933FC}.Debug|ARM.Deploy.0 = Debug|Any CPU
		{09626115-1EF7-403F-8646-80BC084933FC}.Debug|iPhone.ActiveCfg = Debug|Any CPU
		{09626115-1EF7-403F-8646-80BC084933FC}.Debug|iPhone.Build.0 = Debug|Any CPU
		{09626115-1EF7-403F-8646-80BC084933FC}.Debug|iPhone.Deploy.0 = Debug|Any CPU
		{09626115-1EF7-403F-8646-80BC084933FC}.Debug|iPhoneSimulator.ActiveCfg = Debug|Any CPU
		{09626115-1EF7-403F-8646-80BC084933FC}.Debug|iPhoneSimulator.Build.0 = Debug|Any CPU
		{09626115-1EF7-403F-8646-80BC084933FC}.Debug|iPhoneSimulator.Deploy.0 = Debug|Any CPU
		{09626115-1EF7-403F-8646-80BC084933FC}.Debug|x64.ActiveCfg = Debug|Any CPU
		{09626115-1EF7-403F-8646-80BC084933FC}.Debug|x64.Build.0 = Debug|Any CPU
		{09626115-1EF7-403F-8646-80BC084933FC}.Debug|x64.Deploy.0 = Debug|Any CPU
		{09626115-1EF7-403F-8646-80BC084933FC}.Debug|x86.ActiveCfg = Debug|Any CPU
		{09626115-1EF7-403F-8646-80BC084933FC}.Debug|x86.Build.0 = Debug|Any CPU
		{09626115-1EF7-403F-8646-80BC084933FC}.Debug|x86.Deploy.0 = Debug|Any CPU
		{09626115-1EF7-403F-8646-80BC084933FC}.Release|Any CPU.ActiveCfg = Release|Any CPU
		{09626115-1EF7-403F-8646-80BC084933FC}.Release|Any CPU.Build.0 = Release|Any CPU
		{09626115-1EF7-403F-8646-80BC084933FC}.Release|Any CPU.Deploy.0 = Release|Any CPU
		{09626115-1EF7-403F-8646-80BC084933FC}.Release|ARM.ActiveCfg = Release|Any CPU
		{09626115-1EF7-403F-8646-80BC084933FC}.Release|ARM.Build.0 = Release|Any CPU
		{09626115-1EF7-403F-8646-80BC084933FC}.Release|ARM.Deploy.0 = Release|Any CPU
		{09626115-1EF7-403F-8646-80BC084933FC}.Release|iPhone.ActiveCfg = Release|Any CPU
		{09626115-1EF7-403F-8646-80BC084933FC}.Release|iPhone.Build.0 = Release|Any CPU
		{09626115-1EF7-403F-8646-80BC084933FC}.Release|iPhone.Deploy.0 = Release|Any CPU
		{09626115-1EF7-403F-8646-80BC084933FC}.Release|iPhoneSimulator.ActiveCfg = Release|Any CPU
		{09626115-1EF7-403F-8646-80BC084933FC}.Release|iPhoneSimulator.Build.0 = Release|Any CPU
		{09626115-1EF7-403F-8646-80BC084933FC}.Release|iPhoneSimulator.Deploy.0 = Release|Any CPU
		{09626115-1EF7-403F-8646-80BC084933FC}.Release|x64.ActiveCfg = Release|Any CPU
		{09626115-1EF7-403F-8646-80BC084933FC}.Release|x64.Build.0 = Release|Any CPU
		{09626115-1EF7-403F-8646-80BC084933FC}.Release|x64.Deploy.0 = Release|Any CPU
		{09626115-1EF7-403F-8646-80BC084933FC}.Release|x86.ActiveCfg = Release|Any CPU
		{09626115-1EF7-403F-8646-80BC084933FC}.Release|x86.Build.0 = Release|Any CPU
		{09626115-1EF7-403F-8646-80BC084933FC}.Release|x86.Deploy.0 = Release|Any CPU
		{A07AEEA9-0CB2-427D-89B3-19C0D4041A31}.Ad-Hoc|Any CPU.ActiveCfg = Release|Any CPU
		{A07AEEA9-0CB2-427D-89B3-19C0D4041A31}.Ad-Hoc|Any CPU.Build.0 = Release|Any CPU
		{A07AEEA9-0CB2-427D-89B3-19C0D4041A31}.Ad-Hoc|ARM.ActiveCfg = Release|Any CPU
		{A07AEEA9-0CB2-427D-89B3-19C0D4041A31}.Ad-Hoc|ARM.Build.0 = Release|Any CPU
		{A07AEEA9-0CB2-427D-89B3-19C0D4041A31}.Ad-Hoc|iPhone.ActiveCfg = Release|Any CPU
		{A07AEEA9-0CB2-427D-89B3-19C0D4041A31}.Ad-Hoc|iPhone.Build.0 = Release|Any CPU
		{A07AEEA9-0CB2-427D-89B3-19C0D4041A31}.Ad-Hoc|iPhoneSimulator.ActiveCfg = Release|Any CPU
		{A07AEEA9-0CB2-427D-89B3-19C0D4041A31}.Ad-Hoc|iPhoneSimulator.Build.0 = Release|Any CPU
		{A07AEEA9-0CB2-427D-89B3-19C0D4041A31}.Ad-Hoc|x64.ActiveCfg = Release|Any CPU
		{A07AEEA9-0CB2-427D-89B3-19C0D4041A31}.Ad-Hoc|x64.Build.0 = Release|Any CPU
		{A07AEEA9-0CB2-427D-89B3-19C0D4041A31}.Ad-Hoc|x86.ActiveCfg = Release|Any CPU
		{A07AEEA9-0CB2-427D-89B3-19C0D4041A31}.Ad-Hoc|x86.Build.0 = Release|Any CPU
		{A07AEEA9-0CB2-427D-89B3-19C0D4041A31}.AppStore|Any CPU.ActiveCfg = Release|Any CPU
		{A07AEEA9-0CB2-427D-89B3-19C0D4041A31}.AppStore|Any CPU.Build.0 = Release|Any CPU
		{A07AEEA9-0CB2-427D-89B3-19C0D4041A31}.AppStore|ARM.ActiveCfg = Release|Any CPU
		{A07AEEA9-0CB2-427D-89B3-19C0D4041A31}.AppStore|ARM.Build.0 = Release|Any CPU
		{A07AEEA9-0CB2-427D-89B3-19C0D4041A31}.AppStore|iPhone.ActiveCfg = Release|Any CPU
		{A07AEEA9-0CB2-427D-89B3-19C0D4041A31}.AppStore|iPhone.Build.0 = Release|Any CPU
		{A07AEEA9-0CB2-427D-89B3-19C0D4041A31}.AppStore|iPhoneSimulator.ActiveCfg = Release|Any CPU
		{A07AEEA9-0CB2-427D-89B3-19C0D4041A31}.AppStore|iPhoneSimulator.Build.0 = Release|Any CPU
		{A07AEEA9-0CB2-427D-89B3-19C0D4041A31}.AppStore|x64.ActiveCfg = Release|Any CPU
		{A07AEEA9-0CB2-427D-89B3-19C0D4041A31}.AppStore|x64.Build.0 = Release|Any CPU
		{A07AEEA9-0CB2-427D-89B3-19C0D4041A31}.AppStore|x86.ActiveCfg = Release|Any CPU
		{A07AEEA9-0CB2-427D-89B3-19C0D4041A31}.AppStore|x86.Build.0 = Release|Any CPU
		{A07AEEA9-0CB2-427D-89B3-19C0D4041A31}.Debug|Any CPU.ActiveCfg = Debug|Any CPU
		{A07AEEA9-0CB2-427D-89B3-19C0D4041A31}.Debug|Any CPU.Build.0 = Debug|Any CPU
		{A07AEEA9-0CB2-427D-89B3-19C0D4041A31}.Debug|ARM.ActiveCfg = Debug|Any CPU
		{A07AEEA9-0CB2-427D-89B3-19C0D4041A31}.Debug|ARM.Build.0 = Debug|Any CPU
		{A07AEEA9-0CB2-427D-89B3-19C0D4041A31}.Debug|iPhone.ActiveCfg = Debug|Any CPU
		{A07AEEA9-0CB2-427D-89B3-19C0D4041A31}.Debug|iPhone.Build.0 = Debug|Any CPU
		{A07AEEA9-0CB2-427D-89B3-19C0D4041A31}.Debug|iPhoneSimulator.ActiveCfg = Debug|Any CPU
		{A07AEEA9-0CB2-427D-89B3-19C0D4041A31}.Debug|iPhoneSimulator.Build.0 = Debug|Any CPU
		{A07AEEA9-0CB2-427D-89B3-19C0D4041A31}.Debug|x64.ActiveCfg = Debug|Any CPU
		{A07AEEA9-0CB2-427D-89B3-19C0D4041A31}.Debug|x64.Build.0 = Debug|Any CPU
		{A07AEEA9-0CB2-427D-89B3-19C0D4041A31}.Debug|x86.ActiveCfg = Debug|Any CPU
		{A07AEEA9-0CB2-427D-89B3-19C0D4041A31}.Debug|x86.Build.0 = Debug|Any CPU
		{A07AEEA9-0CB2-427D-89B3-19C0D4041A31}.Release|Any CPU.ActiveCfg = Release|Any CPU
		{A07AEEA9-0CB2-427D-89B3-19C0D4041A31}.Release|Any CPU.Build.0 = Release|Any CPU
		{A07AEEA9-0CB2-427D-89B3-19C0D4041A31}.Release|ARM.ActiveCfg = Release|Any CPU
		{A07AEEA9-0CB2-427D-89B3-19C0D4041A31}.Release|ARM.Build.0 = Release|Any CPU
		{A07AEEA9-0CB2-427D-89B3-19C0D4041A31}.Release|iPhone.ActiveCfg = Release|Any CPU
		{A07AEEA9-0CB2-427D-89B3-19C0D4041A31}.Release|iPhone.Build.0 = Release|Any CPU
		{A07AEEA9-0CB2-427D-89B3-19C0D4041A31}.Release|iPhoneSimulator.ActiveCfg = Release|Any CPU
		{A07AEEA9-0CB2-427D-89B3-19C0D4041A31}.Release|iPhoneSimulator.Build.0 = Release|Any CPU
		{A07AEEA9-0CB2-427D-89B3-19C0D4041A31}.Release|x64.ActiveCfg = Release|Any CPU
		{A07AEEA9-0CB2-427D-89B3-19C0D4041A31}.Release|x64.Build.0 = Release|Any CPU
		{A07AEEA9-0CB2-427D-89B3-19C0D4041A31}.Release|x86.ActiveCfg = Release|Any CPU
		{A07AEEA9-0CB2-427D-89B3-19C0D4041A31}.Release|x86.Build.0 = Release|Any CPU
		{153EDF0C-7FB9-4A0E-B10F-EF9A10006C27}.Ad-Hoc|Any CPU.ActiveCfg = Release|Any CPU
		{153EDF0C-7FB9-4A0E-B10F-EF9A10006C27}.Ad-Hoc|Any CPU.Build.0 = Release|Any CPU
		{153EDF0C-7FB9-4A0E-B10F-EF9A10006C27}.Ad-Hoc|ARM.ActiveCfg = Release|Any CPU
		{153EDF0C-7FB9-4A0E-B10F-EF9A10006C27}.Ad-Hoc|ARM.Build.0 = Release|Any CPU
		{153EDF0C-7FB9-4A0E-B10F-EF9A10006C27}.Ad-Hoc|iPhone.ActiveCfg = Release|Any CPU
		{153EDF0C-7FB9-4A0E-B10F-EF9A10006C27}.Ad-Hoc|iPhone.Build.0 = Release|Any CPU
		{153EDF0C-7FB9-4A0E-B10F-EF9A10006C27}.Ad-Hoc|iPhoneSimulator.ActiveCfg = Release|Any CPU
		{153EDF0C-7FB9-4A0E-B10F-EF9A10006C27}.Ad-Hoc|iPhoneSimulator.Build.0 = Release|Any CPU
		{153EDF0C-7FB9-4A0E-B10F-EF9A10006C27}.Ad-Hoc|x64.ActiveCfg = Release|Any CPU
		{153EDF0C-7FB9-4A0E-B10F-EF9A10006C27}.Ad-Hoc|x64.Build.0 = Release|Any CPU
		{153EDF0C-7FB9-4A0E-B10F-EF9A10006C27}.Ad-Hoc|x86.ActiveCfg = Release|Any CPU
		{153EDF0C-7FB9-4A0E-B10F-EF9A10006C27}.Ad-Hoc|x86.Build.0 = Release|Any CPU
		{153EDF0C-7FB9-4A0E-B10F-EF9A10006C27}.AppStore|Any CPU.ActiveCfg = Release|Any CPU
		{153EDF0C-7FB9-4A0E-B10F-EF9A10006C27}.AppStore|Any CPU.Build.0 = Release|Any CPU
		{153EDF0C-7FB9-4A0E-B10F-EF9A10006C27}.AppStore|ARM.ActiveCfg = Release|Any CPU
		{153EDF0C-7FB9-4A0E-B10F-EF9A10006C27}.AppStore|ARM.Build.0 = Release|Any CPU
		{153EDF0C-7FB9-4A0E-B10F-EF9A10006C27}.AppStore|iPhone.ActiveCfg = Release|Any CPU
		{153EDF0C-7FB9-4A0E-B10F-EF9A10006C27}.AppStore|iPhone.Build.0 = Release|Any CPU
		{153EDF0C-7FB9-4A0E-B10F-EF9A10006C27}.AppStore|iPhoneSimulator.ActiveCfg = Release|Any CPU
		{153EDF0C-7FB9-4A0E-B10F-EF9A10006C27}.AppStore|iPhoneSimulator.Build.0 = Release|Any CPU
		{153EDF0C-7FB9-4A0E-B10F-EF9A10006C27}.AppStore|x64.ActiveCfg = Release|Any CPU
		{153EDF0C-7FB9-4A0E-B10F-EF9A10006C27}.AppStore|x64.Build.0 = Release|Any CPU
		{153EDF0C-7FB9-4A0E-B10F-EF9A10006C27}.AppStore|x86.ActiveCfg = Release|Any CPU
		{153EDF0C-7FB9-4A0E-B10F-EF9A10006C27}.AppStore|x86.Build.0 = Release|Any CPU
		{153EDF0C-7FB9-4A0E-B10F-EF9A10006C27}.Debug|Any CPU.ActiveCfg = Debug|Any CPU
		{153EDF0C-7FB9-4A0E-B10F-EF9A10006C27}.Debug|Any CPU.Build.0 = Debug|Any CPU
		{153EDF0C-7FB9-4A0E-B10F-EF9A10006C27}.Debug|ARM.ActiveCfg = Debug|Any CPU
		{153EDF0C-7FB9-4A0E-B10F-EF9A10006C27}.Debug|ARM.Build.0 = Debug|Any CPU
		{153EDF0C-7FB9-4A0E-B10F-EF9A10006C27}.Debug|iPhone.ActiveCfg = Debug|Any CPU
		{153EDF0C-7FB9-4A0E-B10F-EF9A10006C27}.Debug|iPhone.Build.0 = Debug|Any CPU
		{153EDF0C-7FB9-4A0E-B10F-EF9A10006C27}.Debug|iPhoneSimulator.ActiveCfg = Debug|Any CPU
		{153EDF0C-7FB9-4A0E-B10F-EF9A10006C27}.Debug|iPhoneSimulator.Build.0 = Debug|Any CPU
		{153EDF0C-7FB9-4A0E-B10F-EF9A10006C27}.Debug|x64.ActiveCfg = Debug|Any CPU
		{153EDF0C-7FB9-4A0E-B10F-EF9A10006C27}.Debug|x64.Build.0 = Debug|Any CPU
		{153EDF0C-7FB9-4A0E-B10F-EF9A10006C27}.Debug|x86.ActiveCfg = Debug|Any CPU
		{153EDF0C-7FB9-4A0E-B10F-EF9A10006C27}.Debug|x86.Build.0 = Debug|Any CPU
		{153EDF0C-7FB9-4A0E-B10F-EF9A10006C27}.Release|Any CPU.ActiveCfg = Release|Any CPU
		{153EDF0C-7FB9-4A0E-B10F-EF9A10006C27}.Release|Any CPU.Build.0 = Release|Any CPU
		{153EDF0C-7FB9-4A0E-B10F-EF9A10006C27}.Release|ARM.ActiveCfg = Release|Any CPU
		{153EDF0C-7FB9-4A0E-B10F-EF9A10006C27}.Release|ARM.Build.0 = Release|Any CPU
		{153EDF0C-7FB9-4A0E-B10F-EF9A10006C27}.Release|iPhone.ActiveCfg = Release|Any CPU
		{153EDF0C-7FB9-4A0E-B10F-EF9A10006C27}.Release|iPhone.Build.0 = Release|Any CPU
		{153EDF0C-7FB9-4A0E-B10F-EF9A10006C27}.Release|iPhoneSimulator.ActiveCfg = Release|Any CPU
		{153EDF0C-7FB9-4A0E-B10F-EF9A10006C27}.Release|iPhoneSimulator.Build.0 = Release|Any CPU
		{153EDF0C-7FB9-4A0E-B10F-EF9A10006C27}.Release|x64.ActiveCfg = Release|Any CPU
		{153EDF0C-7FB9-4A0E-B10F-EF9A10006C27}.Release|x64.Build.0 = Release|Any CPU
		{153EDF0C-7FB9-4A0E-B10F-EF9A10006C27}.Release|x86.ActiveCfg = Release|Any CPU
		{153EDF0C-7FB9-4A0E-B10F-EF9A10006C27}.Release|x86.Build.0 = Release|Any CPU
		{92B5C090-DE8A-4062-A358-E57A742D1777}.Ad-Hoc|Any CPU.ActiveCfg = Release|Any CPU
		{92B5C090-DE8A-4062-A358-E57A742D1777}.Ad-Hoc|Any CPU.Build.0 = Release|Any CPU
		{92B5C090-DE8A-4062-A358-E57A742D1777}.Ad-Hoc|ARM.ActiveCfg = Release|Any CPU
		{92B5C090-DE8A-4062-A358-E57A742D1777}.Ad-Hoc|ARM.Build.0 = Release|Any CPU
		{92B5C090-DE8A-4062-A358-E57A742D1777}.Ad-Hoc|iPhone.ActiveCfg = Release|Any CPU
		{92B5C090-DE8A-4062-A358-E57A742D1777}.Ad-Hoc|iPhone.Build.0 = Release|Any CPU
		{92B5C090-DE8A-4062-A358-E57A742D1777}.Ad-Hoc|iPhoneSimulator.ActiveCfg = Release|Any CPU
		{92B5C090-DE8A-4062-A358-E57A742D1777}.Ad-Hoc|iPhoneSimulator.Build.0 = Release|Any CPU
		{92B5C090-DE8A-4062-A358-E57A742D1777}.Ad-Hoc|x64.ActiveCfg = Release|Any CPU
		{92B5C090-DE8A-4062-A358-E57A742D1777}.Ad-Hoc|x64.Build.0 = Release|Any CPU
		{92B5C090-DE8A-4062-A358-E57A742D1777}.Ad-Hoc|x86.ActiveCfg = Release|Any CPU
		{92B5C090-DE8A-4062-A358-E57A742D1777}.Ad-Hoc|x86.Build.0 = Release|Any CPU
		{92B5C090-DE8A-4062-A358-E57A742D1777}.AppStore|Any CPU.ActiveCfg = Release|Any CPU
		{92B5C090-DE8A-4062-A358-E57A742D1777}.AppStore|Any CPU.Build.0 = Release|Any CPU
		{92B5C090-DE8A-4062-A358-E57A742D1777}.AppStore|ARM.ActiveCfg = Release|Any CPU
		{92B5C090-DE8A-4062-A358-E57A742D1777}.AppStore|ARM.Build.0 = Release|Any CPU
		{92B5C090-DE8A-4062-A358-E57A742D1777}.AppStore|iPhone.ActiveCfg = Release|Any CPU
		{92B5C090-DE8A-4062-A358-E57A742D1777}.AppStore|iPhone.Build.0 = Release|Any CPU
		{92B5C090-DE8A-4062-A358-E57A742D1777}.AppStore|iPhoneSimulator.ActiveCfg = Release|Any CPU
		{92B5C090-DE8A-4062-A358-E57A742D1777}.AppStore|iPhoneSimulator.Build.0 = Release|Any CPU
		{92B5C090-DE8A-4062-A358-E57A742D1777}.AppStore|x64.ActiveCfg = Release|Any CPU
		{92B5C090-DE8A-4062-A358-E57A742D1777}.AppStore|x64.Build.0 = Release|Any CPU
		{92B5C090-DE8A-4062-A358-E57A742D1777}.AppStore|x86.ActiveCfg = Release|Any CPU
		{92B5C090-DE8A-4062-A358-E57A742D1777}.AppStore|x86.Build.0 = Release|Any CPU
		{92B5C090-DE8A-4062-A358-E57A742D1777}.Debug|Any CPU.ActiveCfg = Debug|Any CPU
		{92B5C090-DE8A-4062-A358-E57A742D1777}.Debug|Any CPU.Build.0 = Debug|Any CPU
		{92B5C090-DE8A-4062-A358-E57A742D1777}.Debug|ARM.ActiveCfg = Debug|Any CPU
		{92B5C090-DE8A-4062-A358-E57A742D1777}.Debug|ARM.Build.0 = Debug|Any CPU
		{92B5C090-DE8A-4062-A358-E57A742D1777}.Debug|iPhone.ActiveCfg = Debug|Any CPU
		{92B5C090-DE8A-4062-A358-E57A742D1777}.Debug|iPhone.Build.0 = Debug|Any CPU
		{92B5C090-DE8A-4062-A358-E57A742D1777}.Debug|iPhoneSimulator.ActiveCfg = Debug|Any CPU
		{92B5C090-DE8A-4062-A358-E57A742D1777}.Debug|iPhoneSimulator.Build.0 = Debug|Any CPU
		{92B5C090-DE8A-4062-A358-E57A742D1777}.Debug|x64.ActiveCfg = Debug|Any CPU
		{92B5C090-DE8A-4062-A358-E57A742D1777}.Debug|x64.Build.0 = Debug|Any CPU
		{92B5C090-DE8A-4062-A358-E57A742D1777}.Debug|x86.ActiveCfg = Debug|Any CPU
		{92B5C090-DE8A-4062-A358-E57A742D1777}.Debug|x86.Build.0 = Debug|Any CPU
		{92B5C090-DE8A-4062-A358-E57A742D1777}.Release|Any CPU.ActiveCfg = Release|Any CPU
		{92B5C090-DE8A-4062-A358-E57A742D1777}.Release|Any CPU.Build.0 = Release|Any CPU
		{92B5C090-DE8A-4062-A358-E57A742D1777}.Release|ARM.ActiveCfg = Release|Any CPU
		{92B5C090-DE8A-4062-A358-E57A742D1777}.Release|ARM.Build.0 = Release|Any CPU
		{92B5C090-DE8A-4062-A358-E57A742D1777}.Release|iPhone.ActiveCfg = Release|Any CPU
		{92B5C090-DE8A-4062-A358-E57A742D1777}.Release|iPhone.Build.0 = Release|Any CPU
		{92B5C090-DE8A-4062-A358-E57A742D1777}.Release|iPhoneSimulator.ActiveCfg = Release|Any CPU
		{92B5C090-DE8A-4062-A358-E57A742D1777}.Release|iPhoneSimulator.Build.0 = Release|Any CPU
		{92B5C090-DE8A-4062-A358-E57A742D1777}.Release|x64.ActiveCfg = Release|Any CPU
		{92B5C090-DE8A-4062-A358-E57A742D1777}.Release|x64.Build.0 = Release|Any CPU
		{92B5C090-DE8A-4062-A358-E57A742D1777}.Release|x86.ActiveCfg = Release|Any CPU
		{92B5C090-DE8A-4062-A358-E57A742D1777}.Release|x86.Build.0 = Release|Any CPU
		{E3AC9535-D313-483D-8E2D-93B47F32A0A9}.Ad-Hoc|Any CPU.ActiveCfg = Release|Any CPU
		{E3AC9535-D313-483D-8E2D-93B47F32A0A9}.Ad-Hoc|Any CPU.Build.0 = Release|Any CPU
		{E3AC9535-D313-483D-8E2D-93B47F32A0A9}.Ad-Hoc|ARM.ActiveCfg = Release|Any CPU
		{E3AC9535-D313-483D-8E2D-93B47F32A0A9}.Ad-Hoc|ARM.Build.0 = Release|Any CPU
		{E3AC9535-D313-483D-8E2D-93B47F32A0A9}.Ad-Hoc|iPhone.ActiveCfg = Release|Any CPU
		{E3AC9535-D313-483D-8E2D-93B47F32A0A9}.Ad-Hoc|iPhone.Build.0 = Release|Any CPU
		{E3AC9535-D313-483D-8E2D-93B47F32A0A9}.Ad-Hoc|iPhoneSimulator.ActiveCfg = Release|Any CPU
		{E3AC9535-D313-483D-8E2D-93B47F32A0A9}.Ad-Hoc|iPhoneSimulator.Build.0 = Release|Any CPU
		{E3AC9535-D313-483D-8E2D-93B47F32A0A9}.Ad-Hoc|x64.ActiveCfg = Release|Any CPU
		{E3AC9535-D313-483D-8E2D-93B47F32A0A9}.Ad-Hoc|x64.Build.0 = Release|Any CPU
		{E3AC9535-D313-483D-8E2D-93B47F32A0A9}.Ad-Hoc|x86.ActiveCfg = Release|Any CPU
		{E3AC9535-D313-483D-8E2D-93B47F32A0A9}.Ad-Hoc|x86.Build.0 = Release|Any CPU
		{E3AC9535-D313-483D-8E2D-93B47F32A0A9}.AppStore|Any CPU.ActiveCfg = Release|Any CPU
		{E3AC9535-D313-483D-8E2D-93B47F32A0A9}.AppStore|Any CPU.Build.0 = Release|Any CPU
		{E3AC9535-D313-483D-8E2D-93B47F32A0A9}.AppStore|ARM.ActiveCfg = Release|Any CPU
		{E3AC9535-D313-483D-8E2D-93B47F32A0A9}.AppStore|ARM.Build.0 = Release|Any CPU
		{E3AC9535-D313-483D-8E2D-93B47F32A0A9}.AppStore|iPhone.ActiveCfg = Release|Any CPU
		{E3AC9535-D313-483D-8E2D-93B47F32A0A9}.AppStore|iPhone.Build.0 = Release|Any CPU
		{E3AC9535-D313-483D-8E2D-93B47F32A0A9}.AppStore|iPhoneSimulator.ActiveCfg = Release|Any CPU
		{E3AC9535-D313-483D-8E2D-93B47F32A0A9}.AppStore|iPhoneSimulator.Build.0 = Release|Any CPU
		{E3AC9535-D313-483D-8E2D-93B47F32A0A9}.AppStore|x64.ActiveCfg = Release|Any CPU
		{E3AC9535-D313-483D-8E2D-93B47F32A0A9}.AppStore|x64.Build.0 = Release|Any CPU
		{E3AC9535-D313-483D-8E2D-93B47F32A0A9}.AppStore|x86.ActiveCfg = Release|Any CPU
		{E3AC9535-D313-483D-8E2D-93B47F32A0A9}.AppStore|x86.Build.0 = Release|Any CPU
		{E3AC9535-D313-483D-8E2D-93B47F32A0A9}.Debug|Any CPU.ActiveCfg = Debug|Any CPU
		{E3AC9535-D313-483D-8E2D-93B47F32A0A9}.Debug|Any CPU.Build.0 = Debug|Any CPU
		{E3AC9535-D313-483D-8E2D-93B47F32A0A9}.Debug|ARM.ActiveCfg = Debug|Any CPU
		{E3AC9535-D313-483D-8E2D-93B47F32A0A9}.Debug|ARM.Build.0 = Debug|Any CPU
		{E3AC9535-D313-483D-8E2D-93B47F32A0A9}.Debug|iPhone.ActiveCfg = Debug|Any CPU
		{E3AC9535-D313-483D-8E2D-93B47F32A0A9}.Debug|iPhone.Build.0 = Debug|Any CPU
		{E3AC9535-D313-483D-8E2D-93B47F32A0A9}.Debug|iPhoneSimulator.ActiveCfg = Debug|Any CPU
		{E3AC9535-D313-483D-8E2D-93B47F32A0A9}.Debug|iPhoneSimulator.Build.0 = Debug|Any CPU
		{E3AC9535-D313-483D-8E2D-93B47F32A0A9}.Debug|x64.ActiveCfg = Debug|Any CPU
		{E3AC9535-D313-483D-8E2D-93B47F32A0A9}.Debug|x64.Build.0 = Debug|Any CPU
		{E3AC9535-D313-483D-8E2D-93B47F32A0A9}.Debug|x86.ActiveCfg = Debug|Any CPU
		{E3AC9535-D313-483D-8E2D-93B47F32A0A9}.Debug|x86.Build.0 = Debug|Any CPU
		{E3AC9535-D313-483D-8E2D-93B47F32A0A9}.Release|Any CPU.ActiveCfg = Release|Any CPU
		{E3AC9535-D313-483D-8E2D-93B47F32A0A9}.Release|Any CPU.Build.0 = Release|Any CPU
		{E3AC9535-D313-483D-8E2D-93B47F32A0A9}.Release|ARM.ActiveCfg = Release|Any CPU
		{E3AC9535-D313-483D-8E2D-93B47F32A0A9}.Release|ARM.Build.0 = Release|Any CPU
		{E3AC9535-D313-483D-8E2D-93B47F32A0A9}.Release|iPhone.ActiveCfg = Release|Any CPU
		{E3AC9535-D313-483D-8E2D-93B47F32A0A9}.Release|iPhone.Build.0 = Release|Any CPU
		{E3AC9535-D313-483D-8E2D-93B47F32A0A9}.Release|iPhoneSimulator.ActiveCfg = Release|Any CPU
		{E3AC9535-D313-483D-8E2D-93B47F32A0A9}.Release|iPhoneSimulator.Build.0 = Release|Any CPU
		{E3AC9535-D313-483D-8E2D-93B47F32A0A9}.Release|x64.ActiveCfg = Release|Any CPU
		{E3AC9535-D313-483D-8E2D-93B47F32A0A9}.Release|x64.Build.0 = Release|Any CPU
		{E3AC9535-D313-483D-8E2D-93B47F32A0A9}.Release|x86.ActiveCfg = Release|Any CPU
		{E3AC9535-D313-483D-8E2D-93B47F32A0A9}.Release|x86.Build.0 = Release|Any CPU
	EndGlobalSection
	GlobalSection(SolutionProperties) = preSolution
		HideSolutionNode = FALSE
	EndGlobalSection
	GlobalSection(ExtensibilityGlobals) = postSolution
		SolutionGuid = {F0186626-2F36-41EF-98E3-7E212D09FF68}
	EndGlobalSection
EndGlobal
